{
  "version": 4,
  "terraform_version": "1.3.6",
  "serial": 4,
  "lineage": "d338fc44-8086-c00e-5a0b-42967846a25b",
  "outputs": {
    "external_ip_address_node01_yandex_cloud": {
      "value": "158.160.118.188",
      "type": "string"
    },
    "internal_ip_address_node01_yandex_cloud": {
      "value": "192.168.101.29",
      "type": "string"
    }
  },
  "resources": [
    {
      "mode": "managed",
      "type": "yandex_compute_instance",
      "name": "node01",
      "provider": "provider[\"registry.terraform.io/yandex-cloud/yandex\"]",
      "instances": [
        {
          "schema_version": 1,
          "attributes": {
            "allow_recreate": null,
            "allow_stopping_for_update": true,
            "boot_disk": [
              {
                "auto_delete": true,
                "device_name": "fhmks326ft77in0152bd",
                "disk_id": "fhmks326ft77in0152bd",
                "initialize_params": [
                  {
                    "block_size": 4096,
                    "description": "",
                    "image_id": "fd86hovj08rkep2k7q2q",
                    "name": "root-node01",
                    "size": 50,
                    "snapshot_id": "",
                    "type": "network-ssd"
                  }
                ],
                "mode": "READ_WRITE"
              }
            ],
            "created_at": "2023-08-20T08:06:44Z",
            "description": "",
            "filesystem": [],
            "folder_id": "b1g3lvs2irirrcnca5j5",
            "fqdn": "node01.netology.cloud",
            "gpu_cluster_id": "",
            "hostname": "node01.netology.cloud",
            "id": "fhmm14nmvo0a49i7aidv",
            "labels": null,
            "local_disk": [],
            "metadata": {
              "ssh-keys": "centos:ssh-rsa AAAAB3NzaC1yc2EAAAADAQABAAABgQCzEnAh54Ryu6nWRroNhXIW/RXpqreaqLaIvEs0YJe7tEkK7r759r4qoOVb8otowh1jAZy+MXWNkom/s8bQhRTiFDZdDMTKe74S5Zy1SbjK7RM1EuIGyiqM68XUByAiqzIjVhISbU4kwDktPM8CEmBdjQ7F1+ZPzTbHnlhKgjNF4H3CqGs/I3nslj/9M6ow+HiiJpiwLbjLqAo4NMnKEvrZxL+1fvHXCNbiFiLu6SAQuomIQx8+fytTVHbPmUoZg2HU0VsH8AWziJK7hjPN+HVOc5SN1n7c6oCeKcaoFcWK7wFtfQiSVaFBZs+2qy4tfmUiuLn1fW9NyfC/8SFpbyP9ZjXbi/sTTdlifLlWa1bld2cazLh0G6YBG7VN/ZODpY6xQN0+XSLa3e5JFLH04NSs3PS7NTpyBwo0fZ3kc5cswSKpqGY98hpBcGY/SOYyXLCv3dL6KHEdZYmVbuN+gfJXMUUPdUZ7yNDQXmT45p0fSoHTVXAcd2Yib+bt7vp2Qc0= mid@mid-desktop\n"
            },
            "metadata_options": [
              {
                "aws_v1_http_endpoint": 1,
                "aws_v1_http_token": 2,
                "gce_http_endpoint": 1,
                "gce_http_token": 1
              }
            ],
            "name": "node01",
            "network_acceleration_type": "standard",
            "network_interface": [
              {
                "dns_record": [],
                "index": 0,
                "ip_address": "192.168.101.29",
                "ipv4": true,
                "ipv6": false,
                "ipv6_address": "",
                "ipv6_dns_record": [],
                "mac_address": "d0:0d:16:09:2f:6f",
                "nat": true,
                "nat_dns_record": [],
                "nat_ip_address": "158.160.118.188",
                "nat_ip_version": "IPV4",
                "security_group_ids": [],
                "subnet_id": "e9bp96ioajeq3dre31b1"
              }
            ],
            "placement_policy": [
              {
                "host_affinity_rules": [],
                "placement_group_id": ""
              }
            ],
            "platform_id": "standard-v1",
            "resources": [
              {
                "core_fraction": 100,
                "cores": 8,
                "gpus": 0,
                "memory": 8
              }
            ],
            "scheduling_policy": [
              {
                "preemptible": false
              }
            ],
            "secondary_disk": [],
            "service_account_id": "",
            "status": "running",
            "timeouts": null,
            "zone": "ru-central1-a"
          },
          "sensitive_attributes": [],
          "private": "eyJlMmJmYjczMC1lY2FhLTExZTYtOGY4OC0zNDM2M2JjN2M0YzAiOnsiY3JlYXRlIjozMDAwMDAwMDAwMDAsImRlbGV0ZSI6MzAwMDAwMDAwMDAwLCJ1cGRhdGUiOjMwMDAwMDAwMDAwMH0sInNjaGVtYV92ZXJzaW9uIjoiMSJ9",
          "dependencies": [
            "yandex_vpc_network.default",
            "yandex_vpc_subnet.default"
          ]
        }
      ]
    },
    {
      "mode": "managed",
      "type": "yandex_vpc_network",
      "name": "default",
      "provider": "provider[\"registry.terraform.io/yandex-cloud/yandex\"]",
      "instances": [
        {
          "schema_version": 0,
          "attributes": {
            "created_at": "2023-08-20T08:06:41Z",
            "default_security_group_id": "",
            "description": "",
            "folder_id": "b1g3lvs2irirrcnca5j5",
            "id": "enpnmmqi78ks8qqh0t1k",
            "labels": {},
            "name": "net",
            "subnet_ids": [],
            "timeouts": null
          },
          "sensitive_attributes": [],
          "private": "eyJlMmJmYjczMC1lY2FhLTExZTYtOGY4OC0zNDM2M2JjN2M0YzAiOnsiY3JlYXRlIjo2MDAwMDAwMDAwMCwiZGVsZXRlIjo2MDAwMDAwMDAwMCwidXBkYXRlIjo2MDAwMDAwMDAwMH19"
        }
      ]
    },
    {
      "mode": "managed",
      "type": "yandex_vpc_subnet",
      "name": "default",
      "provider": "provider[\"registry.terraform.io/yandex-cloud/yandex\"]",
      "instances": [
        {
          "schema_version": 0,
          "attributes": {
            "created_at": "2023-08-20T08:06:42Z",
            "description": "",
            "dhcp_options": [],
            "folder_id": "b1g3lvs2irirrcnca5j5",
            "id": "e9bp96ioajeq3dre31b1",
            "labels": {},
            "name": "subnet",
            "network_id": "enpnmmqi78ks8qqh0t1k",
            "route_table_id": "",
            "timeouts": null,
            "v4_cidr_blocks": [
              "192.168.101.0/24"
            ],
            "v6_cidr_blocks": [],
            "zone": "ru-central1-a"
          },
          "sensitive_attributes": [],
          "private": "eyJlMmJmYjczMC1lY2FhLTExZTYtOGY4OC0zNDM2M2JjN2M0YzAiOnsiY3JlYXRlIjoxODAwMDAwMDAwMDAsImRlbGV0ZSI6MTgwMDAwMDAwMDAwLCJ1cGRhdGUiOjE4MDAwMDAwMDAwMH19",
          "dependencies": [
            "yandex_vpc_network.default"
          ]
        }
      ]
    }
  ],
  "check_results": null
}
